
Microsoft Visual Studio Solution File, Format Version 12.00
# Visual Studio Version 17
VisualStudioVersion = 17.4.33103.184
MinimumVisualStudioVersion = 10.0.40219.1
Project("{FAE04EC0-301F-11D3-BF4B-00C04F79EFBC}") = "webapi.inlock.dbFirst.manha", "webapi.inlock.dbFirst.manha.csproj", "{EDFB884A-57FB-49BC-B70B-44FC3E0CEEA3}"
EndProject
Global
	GlobalSection(SolutionConfigurationPlatforms) = preSolution
		Debug|Any CPU = Debug|Any CPU
		Release|Any CPU = Release|Any CPU
	EndGlobalSection
	GlobalSection(ProjectConfigurationPlatforms) = postSolution
		{EDFB884A-57FB-49BC-B70B-44FC3E0CEEA3}.Debug|Any CPU.ActiveCfg = Debug|Any CPU
		{EDFB884A-57FB-49BC-B70B-44FC3E0CEEA3}.Debug|Any CPU.Build.0 = Debug|Any CPU
		{EDFB884A-57FB-49BC-B70B-44FC3E0CEEA3}.Release|Any CPU.ActiveCfg = Release|Any CPU
		{EDFB884A-57FB-49BC-B70B-44FC3E0CEEA3}.Release|Any CPU.Build.0 = Release|Any CPU
	EndGlobalSection
	GlobalSection(SolutionProperties) = preSolution
		HideSolutionNode = FALSE
	EndGlobalSection
	GlobalSection(ExtensibilityGlobals) = postSolution
		SolutionGuid = {1F4719FE-9FFC-4F04-B38B-A9445A7619C0}
	EndGlobalSection
EndGlobal
